
Microsoft Visual Studio Solution File, Format Version 12.00
# Visual Studio 14
VisualStudioVersion = 14.0.25123.0
MinimumVisualStudioVersion = 10.0.40219.1
Project("{FAE04EC0-301F-11D3-BF4B-00C04F79EFBC}") = "testToGit", "testToGit\testToGit.csproj", "{EF4ED5B5-52DE-4544-83C7-AD39C57E223A}"
EndProject
Global
	GlobalSection(SolutionConfigurationPlatforms) = preSolution
		Debug|Any CPU = Debug|Any CPU
		Release|Any CPU = Release|Any CPU
	EndGlobalSection
	GlobalSection(ProjectConfigurationPlatforms) = postSolution
		{EF4ED5B5-52DE-4544-83C7-AD39C57E223A}.Debug|Any CPU.ActiveCfg = Debug|Any CPU
		{EF4ED5B5-52DE-4544-83C7-AD39C57E223A}.Debug|Any CPU.Build.0 = Debug|Any CPU
		{EF4ED5B5-52DE-4544-83C7-AD39C57E223A}.Release|Any CPU.ActiveCfg = Release|Any CPU
		{EF4ED5B5-52DE-4544-83C7-AD39C57E223A}.Release|Any CPU.Build.0 = Release|Any CPU
	EndGlobalSection
	GlobalSection(SolutionProperties) = preSolution
		HideSolutionNode = FALSE
	EndGlobalSection
EndGlobal
